// !$*UTF8*$!
{
	archiveVersion = 1;
	classes = {
	};
	objectVersion = 48;
	objects = {

/* Begin PBXBuildFile section */
		D460B3FD2045FF07005DAA9D /* P10.swift in Sources */ = {isa = PBXBuildFile; fileRef = D460B3FC2045FF07005DAA9D /* P10.swift */; };
		D460B3FF20460460005DAA9D /* P11.swift in Sources */ = {isa = PBXBuildFile; fileRef = D460B3FE20460460005DAA9D /* P11.swift */; };
		D460B40120461F24005DAA9D /* P12.swift in Sources */ = {isa = PBXBuildFile; fileRef = D460B40020461F24005DAA9D /* P12.swift */; };
		D460B4032047575D005DAA9D /* P13.swift in Sources */ = {isa = PBXBuildFile; fileRef = D460B4022047575D005DAA9D /* P13.swift */; };
		D460B405204759F4005DAA9D /* P14.swift in Sources */ = {isa = PBXBuildFile; fileRef = D460B404204759F4005DAA9D /* P14.swift */; };
		D460B40720475B24005DAA9D /* P15.swift in Sources */ = {isa = PBXBuildFile; fileRef = D460B40620475B24005DAA9D /* P15.swift */; };
		D460B409204ABAFE005DAA9D /* P16.swift in Sources */ = {isa = PBXBuildFile; fileRef = D460B408204ABAFE005DAA9D /* P16.swift */; };
		D460B40B204ADA68005DAA9D /* P17.swift in Sources */ = {isa = PBXBuildFile; fileRef = D460B40A204ADA68005DAA9D /* P17.swift */; };
		D460B40D204AE014005DAA9D /* P18.swift in Sources */ = {isa = PBXBuildFile; fileRef = D460B40C204AE014005DAA9D /* P18.swift */; };
		D460B40F204AE4AB005DAA9D /* P19.swift in Sources */ = {isa = PBXBuildFile; fileRef = D460B40E204AE4AB005DAA9D /* P19.swift */; };
		D460B411204AE824005DAA9D /* P20.swift in Sources */ = {isa = PBXBuildFile; fileRef = D460B410204AE824005DAA9D /* P20.swift */; };
		D460B413204AF68D005DAA9D /* P21.swift in Sources */ = {isa = PBXBuildFile; fileRef = D460B412204AF68D005DAA9D /* P21.swift */; };
		D460B415204AFAED005DAA9D /* P22.swift in Sources */ = {isa = PBXBuildFile; fileRef = D460B414204AFAED005DAA9D /* P22.swift */; };
		D4A974EA204B0562002B3430 /* P23.swift in Sources */ = {isa = PBXBuildFile; fileRef = D4A974E9204B0562002B3430 /* P23.swift */; };
		D4A974EC204B4BC2002B3430 /* P24.swift in Sources */ = {isa = PBXBuildFile; fileRef = D4A974EB204B4BC2002B3430 /* P24.swift */; };
		D4AAA5572043581F00DE6614 /* main.swift in Sources */ = {isa = PBXBuildFile; fileRef = D4AAA5562043581F00DE6614 /* main.swift */; };
		D4AAA56A204358ED00DE6614 /* List.swift in Sources */ = {isa = PBXBuildFile; fileRef = D4AAA569204358ED00DE6614 /* List.swift */; };
		D4AAA56C2043592500DE6614 /* ListTest.swift in Sources */ = {isa = PBXBuildFile; fileRef = D4AAA56B2043592500DE6614 /* ListTest.swift */; };
		D4AAA56E20435CD700DE6614 /* List.swift in Sources */ = {isa = PBXBuildFile; fileRef = D4AAA569204358ED00DE6614 /* List.swift */; };
		D4AAA57020435D3B00DE6614 /* P01.swift in Sources */ = {isa = PBXBuildFile; fileRef = D4AAA56F20435D3B00DE6614 /* P01.swift */; };
		D4AAA57220435F4800DE6614 /* P02.swift in Sources */ = {isa = PBXBuildFile; fileRef = D4AAA57120435F4800DE6614 /* P02.swift */; };
		D4AAA57420435FB700DE6614 /* P03.swift in Sources */ = {isa = PBXBuildFile; fileRef = D4AAA57320435FB700DE6614 /* P03.swift */; };
		D4AAA5762043614600DE6614 /* P04.swift in Sources */ = {isa = PBXBuildFile; fileRef = D4AAA5752043614600DE6614 /* P04.swift */; };
		D4AAA5782043630400DE6614 /* P05.swift in Sources */ = {isa = PBXBuildFile; fileRef = D4AAA5772043630400DE6614 /* P05.swift */; };
		D4AAA57A20437E9B00DE6614 /* P06.swift in Sources */ = {isa = PBXBuildFile; fileRef = D4AAA57920437E9B00DE6614 /* P06.swift */; };
		D4C46DC72044AC6C0073EA97 /* P07.swift in Sources */ = {isa = PBXBuildFile; fileRef = D4C46DC62044AC6C0073EA97 /* P07.swift */; };
		D4C46DC92044B2E40073EA97 /* P08.swift in Sources */ = {isa = PBXBuildFile; fileRef = D4C46DC82044B2E40073EA97 /* P08.swift */; };
		D4C46DCB2044B5330073EA97 /* P09.swift in Sources */ = {isa = PBXBuildFile; fileRef = D4C46DCA2044B5330073EA97 /* P09.swift */; };
/* End PBXBuildFile section */

/* Begin PBXCopyFilesBuildPhase section */
		D4AAA5512043581F00DE6614 /* CopyFiles */ = {
			isa = PBXCopyFilesBuildPhase;
			buildActionMask = 2147483647;
			dstPath = /usr/share/man/man1/;
			dstSubfolderSpec = 0;
			files = (
			);
			runOnlyForDeploymentPostprocessing = 1;
		};
/* End PBXCopyFilesBuildPhase section */

/* Begin PBXFileReference section */
		D460B3FC2045FF07005DAA9D /* P10.swift */ = {isa = PBXFileReference; lastKnownFileType = sourcecode.swift; path = P10.swift; sourceTree = "<group>"; };
		D460B3FE20460460005DAA9D /* P11.swift */ = {isa = PBXFileReference; lastKnownFileType = sourcecode.swift; path = P11.swift; sourceTree = "<group>"; };
		D460B40020461F24005DAA9D /* P12.swift */ = {isa = PBXFileReference; lastKnownFileType = sourcecode.swift; path = P12.swift; sourceTree = "<group>"; };
		D460B4022047575D005DAA9D /* P13.swift */ = {isa = PBXFileReference; lastKnownFileType = sourcecode.swift; path = P13.swift; sourceTree = "<group>"; };
		D460B404204759F4005DAA9D /* P14.swift */ = {isa = PBXFileReference; lastKnownFileType = sourcecode.swift; path = P14.swift; sourceTree = "<group>"; };
		D460B40620475B24005DAA9D /* P15.swift */ = {isa = PBXFileReference; lastKnownFileType = sourcecode.swift; path = P15.swift; sourceTree = "<group>"; };
		D460B408204ABAFE005DAA9D /* P16.swift */ = {isa = PBXFileReference; lastKnownFileType = sourcecode.swift; path = P16.swift; sourceTree = "<group>"; };
		D460B40A204ADA68005DAA9D /* P17.swift */ = {isa = PBXFileReference; lastKnownFileType = sourcecode.swift; path = P17.swift; sourceTree = "<group>"; };
		D460B40C204AE014005DAA9D /* P18.swift */ = {isa = PBXFileReference; lastKnownFileType = sourcecode.swift; path = P18.swift; sourceTree = "<group>"; };
		D460B40E204AE4AB005DAA9D /* P19.swift */ = {isa = PBXFileReference; lastKnownFileType = sourcecode.swift; path = P19.swift; sourceTree = "<group>"; };
		D460B410204AE824005DAA9D /* P20.swift */ = {isa = PBXFileReference; lastKnownFileType = sourcecode.swift; path = P20.swift; sourceTree = "<group>"; };
		D460B412204AF68D005DAA9D /* P21.swift */ = {isa = PBXFileReference; lastKnownFileType = sourcecode.swift; path = P21.swift; sourceTree = "<group>"; };
		D460B414204AFAED005DAA9D /* P22.swift */ = {isa = PBXFileReference; lastKnownFileType = sourcecode.swift; path = P22.swift; sourceTree = "<group>"; };
		D4A974E9204B0562002B3430 /* P23.swift */ = {isa = PBXFileReference; lastKnownFileType = sourcecode.swift; path = P23.swift; sourceTree = "<group>"; };
		D4A974EB204B4BC2002B3430 /* P24.swift */ = {isa = PBXFileReference; lastKnownFileType = sourcecode.swift; path = P24.swift; sourceTree = "<group>"; };
		D4AAA5532043581F00DE6614 /* ninetynineproblems */ = {isa = PBXFileReference; explicitFileType = "compiled.mach-o.executable"; includeInIndex = 0; path = ninetynineproblems; sourceTree = BUILT_PRODUCTS_DIR; };
		D4AAA5562043581F00DE6614 /* main.swift */ = {isa = PBXFileReference; lastKnownFileType = sourcecode.swift; path = main.swift; sourceTree = "<group>"; };
		D4AAA561204358C200DE6614 /* ninetynineproblems.test.xctest */ = {isa = PBXFileReference; explicitFileType = wrapper.cfbundle; includeInIndex = 0; path = ninetynineproblems.test.xctest; sourceTree = BUILT_PRODUCTS_DIR; };
		D4AAA565204358C300DE6614 /* Info.plist */ = {isa = PBXFileReference; lastKnownFileType = text.plist.xml; path = Info.plist; sourceTree = "<group>"; };
		D4AAA569204358ED00DE6614 /* List.swift */ = {isa = PBXFileReference; lastKnownFileType = sourcecode.swift; path = List.swift; sourceTree = "<group>"; };
		D4AAA56B2043592500DE6614 /* ListTest.swift */ = {isa = PBXFileReference; lastKnownFileType = sourcecode.swift; path = ListTest.swift; sourceTree = "<group>"; };
		D4AAA56F20435D3B00DE6614 /* P01.swift */ = {isa = PBXFileReference; lastKnownFileType = sourcecode.swift; path = P01.swift; sourceTree = "<group>"; };
		D4AAA57120435F4800DE6614 /* P02.swift */ = {isa = PBXFileReference; lastKnownFileType = sourcecode.swift; path = P02.swift; sourceTree = "<group>"; };
		D4AAA57320435FB700DE6614 /* P03.swift */ = {isa = PBXFileReference; lastKnownFileType = sourcecode.swift; path = P03.swift; sourceTree = "<group>"; };
		D4AAA5752043614600DE6614 /* P04.swift */ = {isa = PBXFileReference; lastKnownFileType = sourcecode.swift; path = P04.swift; sourceTree = "<group>"; };
		D4AAA5772043630400DE6614 /* P05.swift */ = {isa = PBXFileReference; lastKnownFileType = sourcecode.swift; path = P05.swift; sourceTree = "<group>"; };
		D4AAA57920437E9B00DE6614 /* P06.swift */ = {isa = PBXFileReference; lastKnownFileType = sourcecode.swift; path = P06.swift; sourceTree = "<group>"; };
		D4C46DC62044AC6C0073EA97 /* P07.swift */ = {isa = PBXFileReference; lastKnownFileType = sourcecode.swift; path = P07.swift; sourceTree = "<group>"; };
		D4C46DC82044B2E40073EA97 /* P08.swift */ = {isa = PBXFileReference; lastKnownFileType = sourcecode.swift; path = P08.swift; sourceTree = "<group>"; };
		D4C46DCA2044B5330073EA97 /* P09.swift */ = {isa = PBXFileReference; lastKnownFileType = sourcecode.swift; path = P09.swift; sourceTree = "<group>"; };
/* End PBXFileReference section */

/* Begin PBXFrameworksBuildPhase section */
		D4AAA5502043581F00DE6614 /* Frameworks */ = {
			isa = PBXFrameworksBuildPhase;
			buildActionMask = 2147483647;
			files = (
			);
			runOnlyForDeploymentPostprocessing = 0;
		};
		D4AAA55E204358C200DE6614 /* Frameworks */ = {
			isa = PBXFrameworksBuildPhase;
			buildActionMask = 2147483647;
			files = (
			);
			runOnlyForDeploymentPostprocessing = 0;
		};
/* End PBXFrameworksBuildPhase section */

/* Begin PBXGroup section */
		D4AAA54A2043581F00DE6614 = {
			isa = PBXGroup;
			children = (
				D4AAA5552043581F00DE6614 /* ninetynineproblems */,
				D4AAA562204358C300DE6614 /* ninetynineproblems.test */,
				D4AAA5542043581F00DE6614 /* Products */,
			);
			sourceTree = "<group>";
		};
		D4AAA5542043581F00DE6614 /* Products */ = {
			isa = PBXGroup;
			children = (
				D4AAA5532043581F00DE6614 /* ninetynineproblems */,
				D4AAA561204358C200DE6614 /* ninetynineproblems.test.xctest */,
			);
			name = Products;
			sourceTree = "<group>";
		};
		D4AAA5552043581F00DE6614 /* ninetynineproblems */ = {
			isa = PBXGroup;
			children = (
				D4AAA5562043581F00DE6614 /* main.swift */,
				D4AAA569204358ED00DE6614 /* List.swift */,
			);
			path = ninetynineproblems;
			sourceTree = "<group>";
		};
		D4AAA562204358C300DE6614 /* ninetynineproblems.test */ = {
			isa = PBXGroup;
			children = (
				D4AAA565204358C300DE6614 /* Info.plist */,
				D4AAA56B2043592500DE6614 /* ListTest.swift */,
				D4AAA56F20435D3B00DE6614 /* P01.swift */,
				D4AAA57120435F4800DE6614 /* P02.swift */,
				D4AAA57320435FB700DE6614 /* P03.swift */,
				D4AAA5752043614600DE6614 /* P04.swift */,
				D4AAA5772043630400DE6614 /* P05.swift */,
				D4AAA57920437E9B00DE6614 /* P06.swift */,
				D4C46DC62044AC6C0073EA97 /* P07.swift */,
				D4C46DC82044B2E40073EA97 /* P08.swift */,
				D4C46DCA2044B5330073EA97 /* P09.swift */,
				D460B3FC2045FF07005DAA9D /* P10.swift */,
				D460B3FE20460460005DAA9D /* P11.swift */,
				D460B40020461F24005DAA9D /* P12.swift */,
				D460B4022047575D005DAA9D /* P13.swift */,
				D460B404204759F4005DAA9D /* P14.swift */,
				D460B40620475B24005DAA9D /* P15.swift */,
				D460B408204ABAFE005DAA9D /* P16.swift */,
				D460B40A204ADA68005DAA9D /* P17.swift */,
				D460B40C204AE014005DAA9D /* P18.swift */,
				D460B40E204AE4AB005DAA9D /* P19.swift */,
				D460B410204AE824005DAA9D /* P20.swift */,
				D460B412204AF68D005DAA9D /* P21.swift */,
				D460B414204AFAED005DAA9D /* P22.swift */,
				D4A974E9204B0562002B3430 /* P23.swift */,
				D4A974EB204B4BC2002B3430 /* P24.swift */,
			);
			path = ninetynineproblems.test;
			sourceTree = "<group>";
		};
/* End PBXGroup section */

/* Begin PBXNativeTarget section */
		D4AAA5522043581F00DE6614 /* ninetynineproblems */ = {
			isa = PBXNativeTarget;
			buildConfigurationList = D4AAA55A2043581F00DE6614 /* Build configuration list for PBXNativeTarget "ninetynineproblems" */;
			buildPhases = (
				D4AAA54F2043581F00DE6614 /* Sources */,
				D4AAA5502043581F00DE6614 /* Frameworks */,
				D4AAA5512043581F00DE6614 /* CopyFiles */,
			);
			buildRules = (
			);
			dependencies = (
			);
			name = ninetynineproblems;
			productName = ninetynineproblems;
			productReference = D4AAA5532043581F00DE6614 /* ninetynineproblems */;
			productType = "com.apple.product-type.tool";
		};
		D4AAA560204358C200DE6614 /* ninetynineproblems.test */ = {
			isa = PBXNativeTarget;
			buildConfigurationList = D4AAA566204358C300DE6614 /* Build configuration list for PBXNativeTarget "ninetynineproblems.test" */;
			buildPhases = (
				D4AAA55D204358C200DE6614 /* Sources */,
				D4AAA55E204358C200DE6614 /* Frameworks */,
				D4AAA55F204358C200DE6614 /* Resources */,
			);
			buildRules = (
			);
			dependencies = (
			);
			name = ninetynineproblems.test;
			productName = ninetynineproblems.test;
			productReference = D4AAA561204358C200DE6614 /* ninetynineproblems.test.xctest */;
			productType = "com.apple.product-type.bundle.unit-test";
		};
/* End PBXNativeTarget section */

/* Begin PBXProject section */
		D4AAA54B2043581F00DE6614 /* Project object */ = {
			isa = PBXProject;
			attributes = {
				LastSwiftUpdateCheck = 0920;
				LastUpgradeCheck = 0920;
				ORGANIZATIONNAME = hypotantam;
				TargetAttributes = {
					D4AAA5522043581F00DE6614 = {
						CreatedOnToolsVersion = 9.2;
						ProvisioningStyle = Automatic;
					};
					D4AAA560204358C200DE6614 = {
						CreatedOnToolsVersion = 9.2;
						ProvisioningStyle = Automatic;
					};
				};
			};
			buildConfigurationList = D4AAA54E2043581F00DE6614 /* Build configuration list for PBXProject "ninetynineproblems" */;
			compatibilityVersion = "Xcode 8.0";
			developmentRegion = en;
			hasScannedForEncodings = 0;
			knownRegions = (
				en,
			);
			mainGroup = D4AAA54A2043581F00DE6614;
			productRefGroup = D4AAA5542043581F00DE6614 /* Products */;
			projectDirPath = "";
			projectRoot = "";
			targets = (
				D4AAA5522043581F00DE6614 /* ninetynineproblems */,
				D4AAA560204358C200DE6614 /* ninetynineproblems.test */,
			);
		};
/* End PBXProject section */

/* Begin PBXResourcesBuildPhase section */
		D4AAA55F204358C200DE6614 /* Resources */ = {
			isa = PBXResourcesBuildPhase;
			buildActionMask = 2147483647;
			files = (
			);
			runOnlyForDeploymentPostprocessing = 0;
		};
/* End PBXResourcesBuildPhase section */

/* Begin PBXSourcesBuildPhase section */
		D4AAA54F2043581F00DE6614 /* Sources */ = {
			isa = PBXSourcesBuildPhase;
			buildActionMask = 2147483647;
			files = (
				D4AAA5572043581F00DE6614 /* main.swift in Sources */,
				D4AAA56A204358ED00DE6614 /* List.swift in Sources */,
			);
			runOnlyForDeploymentPostprocessing = 0;
		};
		D4AAA55D204358C200DE6614 /* Sources */ = {
			isa = PBXSourcesBuildPhase;
			buildActionMask = 2147483647;
			files = (
				D4AAA56C2043592500DE6614 /* ListTest.swift in Sources */,
				D4C46DCB2044B5330073EA97 /* P09.swift in Sources */,
				D4A974EC204B4BC2002B3430 /* P24.swift in Sources */,
				D460B4032047575D005DAA9D /* P13.swift in Sources */,
				D460B3FF20460460005DAA9D /* P11.swift in Sources */,
				D4AAA56E20435CD700DE6614 /* List.swift in Sources */,
				D460B40F204AE4AB005DAA9D /* P19.swift in Sources */,
				D4C46DC92044B2E40073EA97 /* P08.swift in Sources */,
				D460B40120461F24005DAA9D /* P12.swift in Sources */,
				D460B415204AFAED005DAA9D /* P22.swift in Sources */,
				D4AAA57A20437E9B00DE6614 /* P06.swift in Sources */,
				D460B3FD2045FF07005DAA9D /* P10.swift in Sources */,
				D460B405204759F4005DAA9D /* P14.swift in Sources */,
				D4AAA5782043630400DE6614 /* P05.swift in Sources */,
				D460B413204AF68D005DAA9D /* P21.swift in Sources */,
				D4AAA5762043614600DE6614 /* P04.swift in Sources */,
				D4AAA57420435FB700DE6614 /* P03.swift in Sources */,
				D460B411204AE824005DAA9D /* P20.swift in Sources */,
				D460B40720475B24005DAA9D /* P15.swift in Sources */,
				D4AAA57220435F4800DE6614 /* P02.swift in Sources */,
				D4AAA57020435D3B00DE6614 /* P01.swift in Sources */,
				D4C46DC72044AC6C0073EA97 /* P07.swift in Sources */,
				D460B40D204AE014005DAA9D /* P18.swift in Sources */,
				D4A974EA204B0562002B3430 /* P23.swift in Sources */,
				D460B40B204ADA68005DAA9D /* P17.swift in Sources */,
				D460B409204ABAFE005DAA9D /* P16.swift in Sources */,
			);
			runOnlyForDeploymentPostprocessing = 0;
		};
/* End PBXSourcesBuildPhase section */

/* Begin XCBuildConfiguration section */
		D4AAA5582043581F00DE6614 /* Debug */ = {
			isa = XCBuildConfiguration;
			buildSettings = {
				ALWAYS_SEARCH_USER_PATHS = NO;
				CLANG_ANALYZER_NONNULL = YES;
				CLANG_ANALYZER_NUMBER_OBJECT_CONVERSION = YES_AGGRESSIVE;
				CLANG_CXX_LANGUAGE_STANDARD = "gnu++14";
				CLANG_CXX_LIBRARY = "libc++";
				CLANG_ENABLE_MODULES = YES;
				CLANG_ENABLE_OBJC_ARC = YES;
				CLANG_WARN_BLOCK_CAPTURE_AUTORELEASING = YES;
				CLANG_WARN_BOOL_CONVERSION = YES;
				CLANG_WARN_COMMA = YES;
				CLANG_WARN_CONSTANT_CONVERSION = YES;
				CLANG_WARN_DIRECT_OBJC_ISA_USAGE = YES_ERROR;
				CLANG_WARN_DOCUMENTATION_COMMENTS = YES;
				CLANG_WARN_EMPTY_BODY = YES;
				CLANG_WARN_ENUM_CONVERSION = YES;
				CLANG_WARN_INFINITE_RECURSION = YES;
				CLANG_WARN_INT_CONVERSION = YES;
				CLANG_WARN_NON_LITERAL_NULL_CONVERSION = YES;
				CLANG_WARN_OBJC_LITERAL_CONVERSION = YES;
				CLANG_WARN_OBJC_ROOT_CLASS = YES_ERROR;
				CLANG_WARN_RANGE_LOOP_ANALYSIS = YES;
				CLANG_WARN_STRICT_PROTOTYPES = YES;
				CLANG_WARN_SUSPICIOUS_MOVE = YES;
				CLANG_WARN_UNGUARDED_AVAILABILITY = YES_AGGRESSIVE;
				CLANG_WARN_UNREACHABLE_CODE = YES;
				CLANG_WARN__DUPLICATE_METHOD_MATCH = YES;
				CODE_SIGN_IDENTITY = "Mac Developer";
				COPY_PHASE_STRIP = NO;
				DEBUG_INFORMATION_FORMAT = dwarf;
				ENABLE_STRICT_OBJC_MSGSEND = YES;
				ENABLE_TESTABILITY = YES;
				GCC_C_LANGUAGE_STANDARD = gnu11;
				GCC_DYNAMIC_NO_PIC = NO;
				GCC_NO_COMMON_BLOCKS = YES;
				GCC_OPTIMIZATION_LEVEL = 0;
				GCC_PREPROCESSOR_DEFINITIONS = (
					"DEBUG=1",
					"$(inherited)",
				);
				GCC_WARN_64_TO_32_BIT_CONVERSION = YES;
				GCC_WARN_ABOUT_RETURN_TYPE = YES_ERROR;
				GCC_WARN_UNDECLARED_SELECTOR = YES;
				GCC_WARN_UNINITIALIZED_AUTOS = YES_AGGRESSIVE;
				GCC_WARN_UNUSED_FUNCTION = YES;
				GCC_WARN_UNUSED_VARIABLE = YES;
				MACOSX_DEPLOYMENT_TARGET = 10.13;
				MTL_ENABLE_DEBUG_INFO = YES;
				ONLY_ACTIVE_ARCH = YES;
				SDKROOT = macosx;
				SWIFT_ACTIVE_COMPILATION_CONDITIONS = DEBUG;
				SWIFT_OPTIMIZATION_LEVEL = "-Onone";
			};
			name = Debug;
		};
		D4AAA5592043581F00DE6614 /* Release */ = {
			isa = XCBuildConfiguration;
			buildSettings = {
				ALWAYS_SEARCH_USER_PATHS = NO;
				CLANG_ANALYZER_NONNULL = YES;
				CLANG_ANALYZER_NUMBER_OBJECT_CONVERSION = YES_AGGRESSIVE;
				CLANG_CXX_LANGUAGE_STANDARD = "gnu++14";
				CLANG_CXX_LIBRARY = "libc++";
				CLANG_ENABLE_MODULES = YES;
				CLANG_ENABLE_OBJC_ARC = YES;
				CLANG_WARN_BLOCK_CAPTURE_AUTORELEASING = YES;
				CLANG_WARN_BOOL_CONVERSION = YES;
				CLANG_WARN_COMMA = YES;
				CLANG_WARN_CONSTANT_CONVERSION = YES;
				CLANG_WARN_DIRECT_OBJC_ISA_USAGE = YES_ERROR;
				CLANG_WARN_DOCUMENTATION_COMMENTS = YES;
				CLANG_WARN_EMPTY_BODY = YES;
				CLANG_WARN_ENUM_CONVERSION = YES;
				CLANG_WARN_INFINITE_RECURSION = YES;
				CLANG_WARN_INT_CONVERSION = YES;
				CLANG_WARN_NON_LITERAL_NULL_CONVERSION = YES;
				CLANG_WARN_OBJC_LITERAL_CONVERSION = YES;
				CLANG_WARN_OBJC_ROOT_CLASS = YES_ERROR;
				CLANG_WARN_RANGE_LOOP_ANALYSIS = YES;
				CLANG_WARN_STRICT_PROTOTYPES = YES;
				CLANG_WARN_SUSPICIOUS_MOVE = YES;
				CLANG_WARN_UNGUARDED_AVAILABILITY = YES_AGGRESSIVE;
				CLANG_WARN_UNREACHABLE_CODE = YES;
				CLANG_WARN__DUPLICATE_METHOD_MATCH = YES;
				CODE_SIGN_IDENTITY = "Mac Developer";
				COPY_PHASE_STRIP = NO;
				DEBUG_INFORMATION_FORMAT = "dwarf-with-dsym";
				ENABLE_NS_ASSERTIONS = NO;
				ENABLE_STRICT_OBJC_MSGSEND = YES;
				GCC_C_LANGUAGE_STANDARD = gnu11;
				GCC_NO_COMMON_BLOCKS = YES;
				GCC_WARN_64_TO_32_BIT_CONVERSION = YES;
				GCC_WARN_ABOUT_RETURN_TYPE = YES_ERROR;
				GCC_WARN_UNDECLARED_SELECTOR = YES;
				GCC_WARN_UNINITIALIZED_AUTOS = YES_AGGRESSIVE;
				GCC_WARN_UNUSED_FUNCTION = YES;
				GCC_WARN_UNUSED_VARIABLE = YES;
				MACOSX_DEPLOYMENT_TARGET = 10.13;
				MTL_ENABLE_DEBUG_INFO = NO;
				SDKROOT = macosx;
				SWIFT_OPTIMIZATION_LEVEL = "-Owholemodule";
			};
			name = Release;
		};
		D4AAA55B2043581F00DE6614 /* Debug */ = {
			isa = XCBuildConfiguration;
			buildSettings = {
				CODE_SIGN_STYLE = Automatic;
				DEVELOPMENT_TEAM = QC8MTY45B2;
				PRODUCT_NAME = "$(TARGET_NAME)";
				SWIFT_VERSION = 4.0;
			};
			name = Debug;
		};
		D4AAA55C2043581F00DE6614 /* Release */ = {
			isa = XCBuildConfiguration;
			buildSettings = {
				CODE_SIGN_STYLE = Automatic;
				DEVELOPMENT_TEAM = QC8MTY45B2;
				PRODUCT_NAME = "$(TARGET_NAME)";
				SWIFT_VERSION = 4.0;
			};
			name = Release;
		};
		D4AAA567204358C300DE6614 /* Debug */ = {
			isa = XCBuildConfiguration;
			buildSettings = {
				CODE_SIGN_STYLE = Automatic;
				COMBINE_HIDPI_IMAGES = YES;
				DEVELOPMENT_TEAM = QC8MTY45B2;
				INFOPLIST_FILE = ninetynineproblems.test/Info.plist;
				LD_RUNPATH_SEARCH_PATHS = "$(inherited) @executable_path/../Frameworks @loader_path/../Frameworks";
				PRODUCT_BUNDLE_IDENTIFIER = "com.hypo.ninetynineproblems-test";
				PRODUCT_NAME = "$(TARGET_NAME)";
				SWIFT_VERSION = 4.0;
			};
			name = Debug;
		};
		D4AAA568204358C300DE6614 /* Release */ = {
			isa = XCBuildConfiguration;
			buildSettings = {
				CODE_SIGN_STYLE = Automatic;
				COMBINE_HIDPI_IMAGES = YES;
				DEVELOPMENT_TEAM = QC8MTY45B2;
				INFOPLIST_FILE = ninetynineproblems.test/Info.plist;
				LD_RUNPATH_SEARCH_PATHS = "$(inherited) @executable_path/../Frameworks @loader_path/../Frameworks";
				PRODUCT_BUNDLE_IDENTIFIER = "com.hypo.ninetynineproblems-test";
				PRODUCT_NAME = "$(TARGET_NAME)";
				SWIFT_VERSION = 4.0;
			};
			name = Release;
		};
/* End XCBuildConfiguration section */

/* Begin XCConfigurationList section */
		D4AAA54E2043581F00DE6614 /* Build configuration list for PBXProject "ninetynineproblems" */ = {
			isa = XCConfigurationList;
			buildConfigurations = (
				D4AAA5582043581F00DE6614 /* Debug */,
				D4AAA5592043581F00DE6614 /* Release */,
			);
			defaultConfigurationIsVisible = 0;
			defaultConfigurationName = Release;
		};
		D4AAA55A2043581F00DE6614 /* Build configuration list for PBXNativeTarget "ninetynineproblems" */ = {
			isa = XCConfigurationList;
			buildConfigurations = (
				D4AAA55B2043581F00DE6614 /* Debug */,
				D4AAA55C2043581F00DE6614 /* Release */,
			);
			defaultConfigurationIsVisible = 0;
			defaultConfigurationName = Release;
		};
		D4AAA566204358C300DE6614 /* Build configuration list for PBXNativeTarget "ninetynineproblems.test" */ = {
			isa = XCConfigurationList;
			buildConfigurations = (
				D4AAA567204358C300DE6614 /* Debug */,
				D4AAA568204358C300DE6614 /* Release */,
			);
			defaultConfigurationIsVisible = 0;
			defaultConfigurationName = Release;
		};
/* End XCConfigurationList section */
	};
	rootObject = D4AAA54B2043581F00DE6614 /* Project object */;
}
